// !$*UTF8*$!
{
	archiveVersion = 1;
	classes = {
	};
	objectVersion = 51;
	objects = {

/* Begin PBXBuildFile section */
		04398E98127FA1C730C23770 /* Pods_Shareapp.framework in Frameworks */ = {isa = PBXBuildFile; fileRef = 9DF15BAD7BF2C5C3B3DBF68B /* Pods_Shareapp.framework */; };
		5026FFA922B75BFC00612247 /* LoginWireFrame.swift in Sources */ = {isa = PBXBuildFile; fileRef = 5026FFA822B75BFC00612247 /* LoginWireFrame.swift */; };
		5026FFAC22B76B9400612247 /* RegisterProtocols.swift in Sources */ = {isa = PBXBuildFile; fileRef = 5026FFAB22B76B9400612247 /* RegisterProtocols.swift */; };
		5026FFAF22B76BD300612247 /* RegisterWireFrame.swift in Sources */ = {isa = PBXBuildFile; fileRef = 5026FFAE22B76BD300612247 /* RegisterWireFrame.swift */; };
		5026FFB222B770E500612247 /* HomeProtocols.swift in Sources */ = {isa = PBXBuildFile; fileRef = 5026FFB122B770E500612247 /* HomeProtocols.swift */; };
		5026FFB522B7712000612247 /* HomeWireFrame.swift in Sources */ = {isa = PBXBuildFile; fileRef = 5026FFB422B7712000612247 /* HomeWireFrame.swift */; };
		50A43C2622B7FB95006E1C5B /* Utils.swift in Sources */ = {isa = PBXBuildFile; fileRef = 50A43C2522B7FB95006E1C5B /* Utils.swift */; };
		50A43C2822B7FE1D006E1C5B /* Constants.swift in Sources */ = {isa = PBXBuildFile; fileRef = 50A43C2722B7FE1D006E1C5B /* Constants.swift */; };
		50A43C2A22B7FEFA006E1C5B /* ErrorEntity.swift in Sources */ = {isa = PBXBuildFile; fileRef = 50A43C2922B7FEFA006E1C5B /* ErrorEntity.swift */; };
		50A43C2D22B82773006E1C5B /* AuthManager.swift in Sources */ = {isa = PBXBuildFile; fileRef = 50A43C2C22B82773006E1C5B /* AuthManager.swift */; };
		50D4799F22B690A300AAB327 /* LoginViewController.swift in Sources */ = {isa = PBXBuildFile; fileRef = 50D4799D22B690A300AAB327 /* LoginViewController.swift */; };
		50D479A022B690A300AAB327 /* LoginViewController.xib in Resources */ = {isa = PBXBuildFile; fileRef = 50D4799E22B690A300AAB327 /* LoginViewController.xib */; };
		50D479A222B690C400AAB327 /* LoginPresenter.swift in Sources */ = {isa = PBXBuildFile; fileRef = 50D479A122B690C400AAB327 /* LoginPresenter.swift */; };
		50D479A422B690CC00AAB327 /* LoginInteractor.swift in Sources */ = {isa = PBXBuildFile; fileRef = 50D479A322B690CC00AAB327 /* LoginInteractor.swift */; };
		50D479A622B690D400AAB327 /* LoginProtocols.swift in Sources */ = {isa = PBXBuildFile; fileRef = 50D479A522B690D400AAB327 /* LoginProtocols.swift */; };
		50D479A822B690E100AAB327 /* LoginRouter.swift in Sources */ = {isa = PBXBuildFile; fileRef = 50D479A722B690E100AAB327 /* LoginRouter.swift */; };
		50D479AB22B6910200AAB327 /* LoginConfigurator.swift in Sources */ = {isa = PBXBuildFile; fileRef = 50D479AA22B6910200AAB327 /* LoginConfigurator.swift */; };
		50D479B322B694E100AAB327 /* RegisterConfigurator.swift in Sources */ = {isa = PBXBuildFile; fileRef = 50D479B222B694E100AAB327 /* RegisterConfigurator.swift */; };
		50D479B622B694FC00AAB327 /* RegisterViewController.swift in Sources */ = {isa = PBXBuildFile; fileRef = 50D479B422B694FC00AAB327 /* RegisterViewController.swift */; };
		50D479B722B694FC00AAB327 /* RegisterViewController.xib in Resources */ = {isa = PBXBuildFile; fileRef = 50D479B522B694FC00AAB327 /* RegisterViewController.xib */; };
		50D479B922B6950900AAB327 /* RegisterPresenter.swift in Sources */ = {isa = PBXBuildFile; fileRef = 50D479B822B6950900AAB327 /* RegisterPresenter.swift */; };
		50D479BB22B6951100AAB327 /* RegisterInteractor.swift in Sources */ = {isa = PBXBuildFile; fileRef = 50D479BA22B6951100AAB327 /* RegisterInteractor.swift */; };
		50D479BD22B6951A00AAB327 /* RegisterRouter.swift in Sources */ = {isa = PBXBuildFile; fileRef = 50D479BC22B6951A00AAB327 /* RegisterRouter.swift */; };
		50D479BF22B6952700AAB327 /* RegisterDataManager.swift in Sources */ = {isa = PBXBuildFile; fileRef = 50D479BE22B6952700AAB327 /* RegisterDataManager.swift */; };
		50D479C122B6952F00AAB327 /* LoginDataManager.swift in Sources */ = {isa = PBXBuildFile; fileRef = 50D479C022B6952F00AAB327 /* LoginDataManager.swift */; };
		50D479C922B6958600AAB327 /* HomeConfiguration.swift in Sources */ = {isa = PBXBuildFile; fileRef = 50D479C822B6958600AAB327 /* HomeConfiguration.swift */; };
		50D479CC22B6958F00AAB327 /* HomeViewController.swift in Sources */ = {isa = PBXBuildFile; fileRef = 50D479CA22B6958F00AAB327 /* HomeViewController.swift */; };
		50D479CD22B6958F00AAB327 /* HomeViewController.xib in Resources */ = {isa = PBXBuildFile; fileRef = 50D479CB22B6958F00AAB327 /* HomeViewController.xib */; };
		50D479CF22B6959700AAB327 /* HomePresenter.swift in Sources */ = {isa = PBXBuildFile; fileRef = 50D479CE22B6959700AAB327 /* HomePresenter.swift */; };
		50D479D122B6959E00AAB327 /* HomeInteractor.swift in Sources */ = {isa = PBXBuildFile; fileRef = 50D479D022B6959E00AAB327 /* HomeInteractor.swift */; };
		50D479D322B695A600AAB327 /* HomeRouter.swift in Sources */ = {isa = PBXBuildFile; fileRef = 50D479D222B695A600AAB327 /* HomeRouter.swift */; };
		50D479D522B695B100AAB327 /* HomeDataManager.swift in Sources */ = {isa = PBXBuildFile; fileRef = 50D479D422B695B100AAB327 /* HomeDataManager.swift */; };
		50D479D822B695F700AAB327 /* Configuration.swift in Sources */ = {isa = PBXBuildFile; fileRef = 50D479D722B695F700AAB327 /* Configuration.swift */; };
		50D479DA22B6960500AAB327 /* Connection.swift in Sources */ = {isa = PBXBuildFile; fileRef = 50D479D922B6960500AAB327 /* Connection.swift */; };
		50D479DC22B6961500AAB327 /* Routes.swift in Sources */ = {isa = PBXBuildFile; fileRef = 50D479DB22B6961500AAB327 /* Routes.swift */; };
		50D479DE22B6962600AAB327 /* Connectivity.swift in Sources */ = {isa = PBXBuildFile; fileRef = 50D479DD22B6962600AAB327 /* Connectivity.swift */; };
		50D479E222B6984200AAB327 /* User.swift in Sources */ = {isa = PBXBuildFile; fileRef = 50D479E122B6984200AAB327 /* User.swift */; };
		50D479E422B69C9A00AAB327 /* GoogleService-Info.plist in Resources */ = {isa = PBXBuildFile; fileRef = 50D479E322B69C9A00AAB327 /* GoogleService-Info.plist */; };
		50EB090722B3FACD00B3C476 /* AppDelegate.swift in Sources */ = {isa = PBXBuildFile; fileRef = 50EB090622B3FACD00B3C476 /* AppDelegate.swift */; };
		50EB090F22B3FACD00B3C476 /* Shareapp.xcdatamodeld in Sources */ = {isa = PBXBuildFile; fileRef = 50EB090D22B3FACD00B3C476 /* Shareapp.xcdatamodeld */; };
		50EB091122B3FACE00B3C476 /* Assets.xcassets in Resources */ = {isa = PBXBuildFile; fileRef = 50EB091022B3FACE00B3C476 /* Assets.xcassets */; };
		50EB091422B3FACE00B3C476 /* LaunchScreen.storyboard in Resources */ = {isa = PBXBuildFile; fileRef = 50EB091222B3FACE00B3C476 /* LaunchScreen.storyboard */; };
		50EB091F22B3FACE00B3C476 /* ShareappTests.swift in Sources */ = {isa = PBXBuildFile; fileRef = 50EB091E22B3FACE00B3C476 /* ShareappTests.swift */; };
		50EB092A22B3FACE00B3C476 /* ShareappUITests.swift in Sources */ = {isa = PBXBuildFile; fileRef = 50EB092922B3FACE00B3C476 /* ShareappUITests.swift */; };
		8F8C0A7C66273D25779AE7B5 /* Pods_ShareappTests.framework in Frameworks */ = {isa = PBXBuildFile; fileRef = EE21867C376B7C748C4C23F7 /* Pods_ShareappTests.framework */; };
		9C7DB51706BC73827284D593 /* Pods_ShareappUITests.framework in Frameworks */ = {isa = PBXBuildFile; fileRef = 7FF8160EE96F46C01DD5A29E /* Pods_ShareappUITests.framework */; };
/* End PBXBuildFile section */

/* Begin PBXContainerItemProxy section */
		50EB091B22B3FACE00B3C476 /* PBXContainerItemProxy */ = {
			isa = PBXContainerItemProxy;
			containerPortal = 50EB08FB22B3FACD00B3C476 /* Project object */;
			proxyType = 1;
			remoteGlobalIDString = 50EB090222B3FACD00B3C476;
			remoteInfo = Shareapp;
		};
		50EB092622B3FACE00B3C476 /* PBXContainerItemProxy */ = {
			isa = PBXContainerItemProxy;
			containerPortal = 50EB08FB22B3FACD00B3C476 /* Project object */;
			proxyType = 1;
			remoteGlobalIDString = 50EB090222B3FACD00B3C476;
			remoteInfo = Shareapp;
		};
/* End PBXContainerItemProxy section */

/* Begin PBXFileReference section */
		3E2C39EA7D7EE7CF0B50B29F /* Pods-ShareappTests.debug.xcconfig */ = {isa = PBXFileReference; includeInIndex = 1; lastKnownFileType = text.xcconfig; name = "Pods-ShareappTests.debug.xcconfig"; path = "Target Support Files/Pods-ShareappTests/Pods-ShareappTests.debug.xcconfig"; sourceTree = "<group>"; };
		4943E37ABA995765AB6336EC /* Pods-ShareappUITests.release.xcconfig */ = {isa = PBXFileReference; includeInIndex = 1; lastKnownFileType = text.xcconfig; name = "Pods-ShareappUITests.release.xcconfig"; path = "Target Support Files/Pods-ShareappUITests/Pods-ShareappUITests.release.xcconfig"; sourceTree = "<group>"; };
		5026FFA822B75BFC00612247 /* LoginWireFrame.swift */ = {isa = PBXFileReference; lastKnownFileType = sourcecode.swift; path = LoginWireFrame.swift; sourceTree = "<group>"; };
		5026FFAB22B76B9400612247 /* RegisterProtocols.swift */ = {isa = PBXFileReference; lastKnownFileType = sourcecode.swift; path = RegisterProtocols.swift; sourceTree = "<group>"; };
		5026FFAE22B76BD300612247 /* RegisterWireFrame.swift */ = {isa = PBXFileReference; lastKnownFileType = sourcecode.swift; path = RegisterWireFrame.swift; sourceTree = "<group>"; };
		5026FFB122B770E500612247 /* HomeProtocols.swift */ = {isa = PBXFileReference; lastKnownFileType = sourcecode.swift; path = HomeProtocols.swift; sourceTree = "<group>"; };
		5026FFB422B7712000612247 /* HomeWireFrame.swift */ = {isa = PBXFileReference; lastKnownFileType = sourcecode.swift; path = HomeWireFrame.swift; sourceTree = "<group>"; };
		50A43C2522B7FB95006E1C5B /* Utils.swift */ = {isa = PBXFileReference; lastKnownFileType = sourcecode.swift; path = Utils.swift; sourceTree = "<group>"; };
		50A43C2722B7FE1D006E1C5B /* Constants.swift */ = {isa = PBXFileReference; lastKnownFileType = sourcecode.swift; path = Constants.swift; sourceTree = "<group>"; };
		50A43C2922B7FEFA006E1C5B /* ErrorEntity.swift */ = {isa = PBXFileReference; lastKnownFileType = sourcecode.swift; name = ErrorEntity.swift; path = Shareapp/Presentation/Resourses/ErrorEntity.swift; sourceTree = SOURCE_ROOT; };
		50A43C2C22B82773006E1C5B /* AuthManager.swift */ = {isa = PBXFileReference; lastKnownFileType = sourcecode.swift; path = AuthManager.swift; sourceTree = "<group>"; };
		50D4799D22B690A300AAB327 /* LoginViewController.swift */ = {isa = PBXFileReference; lastKnownFileType = sourcecode.swift; path = LoginViewController.swift; sourceTree = "<group>"; };
		50D4799E22B690A300AAB327 /* LoginViewController.xib */ = {isa = PBXFileReference; lastKnownFileType = file.xib; path = LoginViewController.xib; sourceTree = "<group>"; };
		50D479A122B690C400AAB327 /* LoginPresenter.swift */ = {isa = PBXFileReference; lastKnownFileType = sourcecode.swift; path = LoginPresenter.swift; sourceTree = "<group>"; };
		50D479A322B690CC00AAB327 /* LoginInteractor.swift */ = {isa = PBXFileReference; lastKnownFileType = sourcecode.swift; path = LoginInteractor.swift; sourceTree = "<group>"; };
		50D479A522B690D400AAB327 /* LoginProtocols.swift */ = {isa = PBXFileReference; lastKnownFileType = sourcecode.swift; path = LoginProtocols.swift; sourceTree = "<group>"; };
		50D479A722B690E100AAB327 /* LoginRouter.swift */ = {isa = PBXFileReference; lastKnownFileType = sourcecode.swift; path = LoginRouter.swift; sourceTree = "<group>"; };
		50D479AA22B6910200AAB327 /* LoginConfigurator.swift */ = {isa = PBXFileReference; lastKnownFileType = sourcecode.swift; path = LoginConfigurator.swift; sourceTree = "<group>"; };
		50D479B222B694E100AAB327 /* RegisterConfigurator.swift */ = {isa = PBXFileReference; lastKnownFileType = sourcecode.swift; path = RegisterConfigurator.swift; sourceTree = "<group>"; };
		50D479B422B694FC00AAB327 /* RegisterViewController.swift */ = {isa = PBXFileReference; lastKnownFileType = sourcecode.swift; path = RegisterViewController.swift; sourceTree = "<group>"; };
		50D479B522B694FC00AAB327 /* RegisterViewController.xib */ = {isa = PBXFileReference; lastKnownFileType = file.xib; path = RegisterViewController.xib; sourceTree = "<group>"; };
		50D479B822B6950900AAB327 /* RegisterPresenter.swift */ = {isa = PBXFileReference; lastKnownFileType = sourcecode.swift; path = RegisterPresenter.swift; sourceTree = "<group>"; };
		50D479BA22B6951100AAB327 /* RegisterInteractor.swift */ = {isa = PBXFileReference; lastKnownFileType = sourcecode.swift; path = RegisterInteractor.swift; sourceTree = "<group>"; };
		50D479BC22B6951A00AAB327 /* RegisterRouter.swift */ = {isa = PBXFileReference; lastKnownFileType = sourcecode.swift; path = RegisterRouter.swift; sourceTree = "<group>"; };
		50D479BE22B6952700AAB327 /* RegisterDataManager.swift */ = {isa = PBXFileReference; lastKnownFileType = sourcecode.swift; path = RegisterDataManager.swift; sourceTree = "<group>"; };
		50D479C022B6952F00AAB327 /* LoginDataManager.swift */ = {isa = PBXFileReference; lastKnownFileType = sourcecode.swift; path = LoginDataManager.swift; sourceTree = "<group>"; };
		50D479C822B6958600AAB327 /* HomeConfiguration.swift */ = {isa = PBXFileReference; lastKnownFileType = sourcecode.swift; path = HomeConfiguration.swift; sourceTree = "<group>"; };
		50D479CA22B6958F00AAB327 /* HomeViewController.swift */ = {isa = PBXFileReference; lastKnownFileType = sourcecode.swift; path = HomeViewController.swift; sourceTree = "<group>"; };
		50D479CB22B6958F00AAB327 /* HomeViewController.xib */ = {isa = PBXFileReference; lastKnownFileType = file.xib; path = HomeViewController.xib; sourceTree = "<group>"; };
		50D479CE22B6959700AAB327 /* HomePresenter.swift */ = {isa = PBXFileReference; lastKnownFileType = sourcecode.swift; path = HomePresenter.swift; sourceTree = "<group>"; };
		50D479D022B6959E00AAB327 /* HomeInteractor.swift */ = {isa = PBXFileReference; lastKnownFileType = sourcecode.swift; path = HomeInteractor.swift; sourceTree = "<group>"; };
		50D479D222B695A600AAB327 /* HomeRouter.swift */ = {isa = PBXFileReference; lastKnownFileType = sourcecode.swift; path = HomeRouter.swift; sourceTree = "<group>"; };
		50D479D422B695B100AAB327 /* HomeDataManager.swift */ = {isa = PBXFileReference; lastKnownFileType = sourcecode.swift; path = HomeDataManager.swift; sourceTree = "<group>"; };
		50D479D722B695F700AAB327 /* Configuration.swift */ = {isa = PBXFileReference; lastKnownFileType = sourcecode.swift; path = Configuration.swift; sourceTree = "<group>"; };
		50D479D922B6960500AAB327 /* Connection.swift */ = {isa = PBXFileReference; lastKnownFileType = sourcecode.swift; path = Connection.swift; sourceTree = "<group>"; };
		50D479DB22B6961500AAB327 /* Routes.swift */ = {isa = PBXFileReference; lastKnownFileType = sourcecode.swift; path = Routes.swift; sourceTree = "<group>"; };
		50D479DD22B6962600AAB327 /* Connectivity.swift */ = {isa = PBXFileReference; lastKnownFileType = sourcecode.swift; path = Connectivity.swift; sourceTree = "<group>"; };
		50D479E122B6984200AAB327 /* User.swift */ = {isa = PBXFileReference; lastKnownFileType = sourcecode.swift; name = User.swift; path = Shareapp/Data/Network/User.swift; sourceTree = SOURCE_ROOT; };
		50D479E322B69C9A00AAB327 /* GoogleService-Info.plist */ = {isa = PBXFileReference; fileEncoding = 4; lastKnownFileType = text.plist.xml; path = "GoogleService-Info.plist"; sourceTree = "<group>"; };
		50EB090322B3FACD00B3C476 /* Shareapp.app */ = {isa = PBXFileReference; explicitFileType = wrapper.application; includeInIndex = 0; path = Shareapp.app; sourceTree = BUILT_PRODUCTS_DIR; };
		50EB090622B3FACD00B3C476 /* AppDelegate.swift */ = {isa = PBXFileReference; lastKnownFileType = sourcecode.swift; path = AppDelegate.swift; sourceTree = "<group>"; };
		50EB090E22B3FACD00B3C476 /* Shareapp.xcdatamodel */ = {isa = PBXFileReference; lastKnownFileType = wrapper.xcdatamodel; path = Shareapp.xcdatamodel; sourceTree = "<group>"; };
		50EB091022B3FACE00B3C476 /* Assets.xcassets */ = {isa = PBXFileReference; lastKnownFileType = folder.assetcatalog; path = Assets.xcassets; sourceTree = "<group>"; };
		50EB091322B3FACE00B3C476 /* Base */ = {isa = PBXFileReference; lastKnownFileType = file.storyboard; name = Base; path = Base.lproj/LaunchScreen.storyboard; sourceTree = "<group>"; };
		50EB091522B3FACE00B3C476 /* Info.plist */ = {isa = PBXFileReference; lastKnownFileType = text.plist.xml; path = Info.plist; sourceTree = "<group>"; };
		50EB091A22B3FACE00B3C476 /* ShareappTests.xctest */ = {isa = PBXFileReference; explicitFileType = wrapper.cfbundle; includeInIndex = 0; path = ShareappTests.xctest; sourceTree = BUILT_PRODUCTS_DIR; };
		50EB091E22B3FACE00B3C476 /* ShareappTests.swift */ = {isa = PBXFileReference; lastKnownFileType = sourcecode.swift; path = ShareappTests.swift; sourceTree = "<group>"; };
		50EB092022B3FACE00B3C476 /* Info.plist */ = {isa = PBXFileReference; lastKnownFileType = text.plist.xml; path = Info.plist; sourceTree = "<group>"; };
		50EB092522B3FACE00B3C476 /* ShareappUITests.xctest */ = {isa = PBXFileReference; explicitFileType = wrapper.cfbundle; includeInIndex = 0; path = ShareappUITests.xctest; sourceTree = BUILT_PRODUCTS_DIR; };
		50EB092922B3FACE00B3C476 /* ShareappUITests.swift */ = {isa = PBXFileReference; lastKnownFileType = sourcecode.swift; path = ShareappUITests.swift; sourceTree = "<group>"; };
		50EB092B22B3FACE00B3C476 /* Info.plist */ = {isa = PBXFileReference; lastKnownFileType = text.plist.xml; path = Info.plist; sourceTree = "<group>"; };
		7FF8160EE96F46C01DD5A29E /* Pods_ShareappUITests.framework */ = {isa = PBXFileReference; explicitFileType = wrapper.framework; includeInIndex = 0; path = Pods_ShareappUITests.framework; sourceTree = BUILT_PRODUCTS_DIR; };
		8EFB65A768BFA09441910A5A /* Pods-Shareapp.debug.xcconfig */ = {isa = PBXFileReference; includeInIndex = 1; lastKnownFileType = text.xcconfig; name = "Pods-Shareapp.debug.xcconfig"; path = "Target Support Files/Pods-Shareapp/Pods-Shareapp.debug.xcconfig"; sourceTree = "<group>"; };
		9DF15BAD7BF2C5C3B3DBF68B /* Pods_Shareapp.framework */ = {isa = PBXFileReference; explicitFileType = wrapper.framework; includeInIndex = 0; path = Pods_Shareapp.framework; sourceTree = BUILT_PRODUCTS_DIR; };
		A7F5C6CB3E34C9CCD258C063 /* Pods-ShareappUITests.debug.xcconfig */ = {isa = PBXFileReference; includeInIndex = 1; lastKnownFileType = text.xcconfig; name = "Pods-ShareappUITests.debug.xcconfig"; path = "Target Support Files/Pods-ShareappUITests/Pods-ShareappUITests.debug.xcconfig"; sourceTree = "<group>"; };
		DED5F1176672AC1FAF96C14C /* Pods-Shareapp.release.xcconfig */ = {isa = PBXFileReference; includeInIndex = 1; lastKnownFileType = text.xcconfig; name = "Pods-Shareapp.release.xcconfig"; path = "Target Support Files/Pods-Shareapp/Pods-Shareapp.release.xcconfig"; sourceTree = "<group>"; };
		ED288C7B935362BD41909ED8 /* Pods-ShareappTests.release.xcconfig */ = {isa = PBXFileReference; includeInIndex = 1; lastKnownFileType = text.xcconfig; name = "Pods-ShareappTests.release.xcconfig"; path = "Target Support Files/Pods-ShareappTests/Pods-ShareappTests.release.xcconfig"; sourceTree = "<group>"; };
		EE21867C376B7C748C4C23F7 /* Pods_ShareappTests.framework */ = {isa = PBXFileReference; explicitFileType = wrapper.framework; includeInIndex = 0; path = Pods_ShareappTests.framework; sourceTree = BUILT_PRODUCTS_DIR; };
/* End PBXFileReference section */

/* Begin PBXFrameworksBuildPhase section */
		50EB090022B3FACD00B3C476 /* Frameworks */ = {
			isa = PBXFrameworksBuildPhase;
			buildActionMask = 2147483647;
			files = (
				04398E98127FA1C730C23770 /* Pods_Shareapp.framework in Frameworks */,
			);
			runOnlyForDeploymentPostprocessing = 0;
		};
		50EB091722B3FACE00B3C476 /* Frameworks */ = {
			isa = PBXFrameworksBuildPhase;
			buildActionMask = 2147483647;
			files = (
				8F8C0A7C66273D25779AE7B5 /* Pods_ShareappTests.framework in Frameworks */,
			);
			runOnlyForDeploymentPostprocessing = 0;
		};
		50EB092222B3FACE00B3C476 /* Frameworks */ = {
			isa = PBXFrameworksBuildPhase;
			buildActionMask = 2147483647;
			files = (
				9C7DB51706BC73827284D593 /* Pods_ShareappUITests.framework in Frameworks */,
			);
			runOnlyForDeploymentPostprocessing = 0;
		};
/* End PBXFrameworksBuildPhase section */

/* Begin PBXGroup section */
		455C0E9DE0CED0A0EC60549C /* Pods */ = {
			isa = PBXGroup;
			children = (
				8EFB65A768BFA09441910A5A /* Pods-Shareapp.debug.xcconfig */,
				DED5F1176672AC1FAF96C14C /* Pods-Shareapp.release.xcconfig */,
				3E2C39EA7D7EE7CF0B50B29F /* Pods-ShareappTests.debug.xcconfig */,
				ED288C7B935362BD41909ED8 /* Pods-ShareappTests.release.xcconfig */,
				A7F5C6CB3E34C9CCD258C063 /* Pods-ShareappUITests.debug.xcconfig */,
				4943E37ABA995765AB6336EC /* Pods-ShareappUITests.release.xcconfig */,
			);
			path = Pods;
			sourceTree = "<group>";
		};
		5026FFAA22B76B6E00612247 /* RegisterProtocols */ = {
			isa = PBXGroup;
			children = (
				5026FFAB22B76B9400612247 /* RegisterProtocols.swift */,
			);
			path = RegisterProtocols;
			sourceTree = "<group>";
		};
		5026FFAD22B76BB100612247 /* RegisterWireFrame */ = {
			isa = PBXGroup;
			children = (
				5026FFAE22B76BD300612247 /* RegisterWireFrame.swift */,
			);
			path = RegisterWireFrame;
			sourceTree = "<group>";
		};
		5026FFB022B770D000612247 /* HomeProtocols */ = {
			isa = PBXGroup;
			children = (
				5026FFB122B770E500612247 /* HomeProtocols.swift */,
			);
			path = HomeProtocols;
			sourceTree = "<group>";
		};
		5026FFB322B7711300612247 /* HomeWireFrame */ = {
			isa = PBXGroup;
			children = (
				5026FFB422B7712000612247 /* HomeWireFrame.swift */,
			);
			path = HomeWireFrame;
			sourceTree = "<group>";
		};
		50A43C2422B7FB8E006E1C5B /* Resourses */ = {
			isa = PBXGroup;
			children = (
				50A43C2B22B82764006E1C5B /* Managers */,
				50A43C2522B7FB95006E1C5B /* Utils.swift */,
				50A43C2722B7FE1D006E1C5B /* Constants.swift */,
			);
			path = Resourses;
			sourceTree = "<group>";
		};
		50A43C2B22B82764006E1C5B /* Managers */ = {
			isa = PBXGroup;
			children = (
				50A43C2C22B82773006E1C5B /* AuthManager.swift */,
			);
			path = Managers;
			sourceTree = "<group>";
		};
		50D4798F22B68E9400AAB327 /* Presentation */ = {
			isa = PBXGroup;
			children = (
				50A43C2422B7FB8E006E1C5B /* Resourses */,
				50D4799322B68ED400AAB327 /* Scenes */,
			);
			path = Presentation;
			sourceTree = "<group>";
		};
		50D4799122B68EA600AAB327 /* Data */ = {
			isa = PBXGroup;
			children = (
				50D479D622B695E900AAB327 /* Network */,
			);
			path = Data;
			sourceTree = "<group>";
		};
		50D4799322B68ED400AAB327 /* Scenes */ = {
			isa = PBXGroup;
			children = (
				50D4799422B68F8000AAB327 /* Login */,
				50D4799622B68F8B00AAB327 /* Register */,
				50D4799522B68F8600AAB327 /* Home */,
			);
			path = Scenes;
			sourceTree = "<group>";
		};
		50D4799422B68F8000AAB327 /* Login */ = {
			isa = PBXGroup;
			children = (
				50D479A922B690EB00AAB327 /* LoginConfigurator */,
				50D4799722B68FD400AAB327 /* LoginController */,
				50D4799822B68FE000AAB327 /* LoginPresenter */,
				50D4799922B68FF400AAB327 /* LoginInteractor */,
				50D4799A22B6900300AAB327 /* LoginProtocols */,
				50D4799B22B6901400AAB327 /* LoginRouter */,
				50D479E522B75B3800AAB327 /* LoginWireFrame */,
				50D4799C22B6902C00AAB327 /* LoginDataManager */,
			);
			path = Login;
			sourceTree = "<group>";
		};
		50D4799522B68F8600AAB327 /* Home */ = {
			isa = PBXGroup;
			children = (
				50D479C722B6956A00AAB327 /* HomeConfiguration */,
				50D479C622B6956200AAB327 /* HomeController */,
				50D479C522B6955900AAB327 /* HomePresenter */,
				50D479C422B6955000AAB327 /* HomeInteractor */,
				5026FFB022B770D000612247 /* HomeProtocols */,
				50D479C322B6954600AAB327 /* HomeRouter */,
				5026FFB322B7711300612247 /* HomeWireFrame */,
				50D479C222B6953B00AAB327 /* HomeDataManager */,
			);
			path = Home;
			sourceTree = "<group>";
		};
		50D4799622B68F8B00AAB327 /* Register */ = {
			isa = PBXGroup;
			children = (
				50D479AF22B6948200AAB327 /* RegisterConfigurator */,
				50D479AD22B6946000AAB327 /* RegisterController */,
				50D479B022B6949100AAB327 /* RegisterPresenter */,
				50D479AE22B6946F00AAB327 /* RegisterInteractor */,
				5026FFAA22B76B6E00612247 /* RegisterProtocols */,
				50D479AC22B6945700AAB327 /* RegisterRouter */,
				5026FFAD22B76BB100612247 /* RegisterWireFrame */,
				50D479B122B694C900AAB327 /* RegisterDataManager */,
			);
			path = Register;
			sourceTree = "<group>";
		};
		50D4799722B68FD400AAB327 /* LoginController */ = {
			isa = PBXGroup;
			children = (
				50D4799D22B690A300AAB327 /* LoginViewController.swift */,
				50D4799E22B690A300AAB327 /* LoginViewController.xib */,
			);
			path = LoginController;
			sourceTree = "<group>";
		};
		50D4799822B68FE000AAB327 /* LoginPresenter */ = {
			isa = PBXGroup;
			children = (
				50D479A122B690C400AAB327 /* LoginPresenter.swift */,
			);
			path = LoginPresenter;
			sourceTree = "<group>";
		};
		50D4799922B68FF400AAB327 /* LoginInteractor */ = {
			isa = PBXGroup;
			children = (
				50D479A322B690CC00AAB327 /* LoginInteractor.swift */,
			);
			path = LoginInteractor;
			sourceTree = "<group>";
		};
		50D4799A22B6900300AAB327 /* LoginProtocols */ = {
			isa = PBXGroup;
			children = (
				50D479A522B690D400AAB327 /* LoginProtocols.swift */,
			);
			path = LoginProtocols;
			sourceTree = "<group>";
		};
		50D4799B22B6901400AAB327 /* LoginRouter */ = {
			isa = PBXGroup;
			children = (
				50D479A722B690E100AAB327 /* LoginRouter.swift */,
			);
			path = LoginRouter;
			sourceTree = "<group>";
		};
		50D4799C22B6902C00AAB327 /* LoginDataManager */ = {
			isa = PBXGroup;
			children = (
				50D479C022B6952F00AAB327 /* LoginDataManager.swift */,
			);
			path = LoginDataManager;
			sourceTree = "<group>";
		};
		50D479A922B690EB00AAB327 /* LoginConfigurator */ = {
			isa = PBXGroup;
			children = (
				50D479AA22B6910200AAB327 /* LoginConfigurator.swift */,
			);
			path = LoginConfigurator;
			sourceTree = "<group>";
		};
		50D479AC22B6945700AAB327 /* RegisterRouter */ = {
			isa = PBXGroup;
			children = (
				50D479BC22B6951A00AAB327 /* RegisterRouter.swift */,
			);
			path = RegisterRouter;
			sourceTree = "<group>";
		};
		50D479AD22B6946000AAB327 /* RegisterController */ = {
			isa = PBXGroup;
			children = (
				50D479B422B694FC00AAB327 /* RegisterViewController.swift */,
				50D479B522B694FC00AAB327 /* RegisterViewController.xib */,
			);
			path = RegisterController;
			sourceTree = "<group>";
		};
		50D479AE22B6946F00AAB327 /* RegisterInteractor */ = {
			isa = PBXGroup;
			children = (
				50D479BA22B6951100AAB327 /* RegisterInteractor.swift */,
			);
			path = RegisterInteractor;
			sourceTree = "<group>";
		};
		50D479AF22B6948200AAB327 /* RegisterConfigurator */ = {
			isa = PBXGroup;
			children = (
				50D479B222B694E100AAB327 /* RegisterConfigurator.swift */,
			);
			path = RegisterConfigurator;
			sourceTree = "<group>";
		};
		50D479B022B6949100AAB327 /* RegisterPresenter */ = {
			isa = PBXGroup;
			children = (
				50D479B822B6950900AAB327 /* RegisterPresenter.swift */,
			);
			path = RegisterPresenter;
			sourceTree = "<group>";
		};
		50D479B122B694C900AAB327 /* RegisterDataManager */ = {
			isa = PBXGroup;
			children = (
				50D479BE22B6952700AAB327 /* RegisterDataManager.swift */,
			);
			path = RegisterDataManager;
			sourceTree = "<group>";
		};
		50D479C222B6953B00AAB327 /* HomeDataManager */ = {
			isa = PBXGroup;
			children = (
				50D479D422B695B100AAB327 /* HomeDataManager.swift */,
			);
			path = HomeDataManager;
			sourceTree = "<group>";
		};
		50D479C322B6954600AAB327 /* HomeRouter */ = {
			isa = PBXGroup;
			children = (
				50D479D222B695A600AAB327 /* HomeRouter.swift */,
			);
			path = HomeRouter;
			sourceTree = "<group>";
		};
		50D479C422B6955000AAB327 /* HomeInteractor */ = {
			isa = PBXGroup;
			children = (
				50D479D022B6959E00AAB327 /* HomeInteractor.swift */,
			);
			path = HomeInteractor;
			sourceTree = "<group>";
		};
		50D479C522B6955900AAB327 /* HomePresenter */ = {
			isa = PBXGroup;
			children = (
				50D479CE22B6959700AAB327 /* HomePresenter.swift */,
			);
			path = HomePresenter;
			sourceTree = "<group>";
		};
		50D479C622B6956200AAB327 /* HomeController */ = {
			isa = PBXGroup;
			children = (
				50D479CA22B6958F00AAB327 /* HomeViewController.swift */,
				50D479CB22B6958F00AAB327 /* HomeViewController.xib */,
			);
			path = HomeController;
			sourceTree = "<group>";
		};
		50D479C722B6956A00AAB327 /* HomeConfiguration */ = {
			isa = PBXGroup;
			children = (
				50D479C822B6958600AAB327 /* HomeConfiguration.swift */,
			);
			path = HomeConfiguration;
			sourceTree = "<group>";
		};
		50D479D622B695E900AAB327 /* Network */ = {
			isa = PBXGroup;
			children = (
				50D479D722B695F700AAB327 /* Configuration.swift */,
				50D479D922B6960500AAB327 /* Connection.swift */,
				50D479DB22B6961500AAB327 /* Routes.swift */,
				50D479DD22B6962600AAB327 /* Connectivity.swift */,
			);
			path = Network;
			sourceTree = "<group>";
		};
		50D479DF22B6983300AAB327 /* Domain */ = {
			isa = PBXGroup;
			children = (
				50D479E022B6983A00AAB327 /* Model */,
			);
			path = Domain;
			sourceTree = "<group>";
		};
		50D479E022B6983A00AAB327 /* Model */ = {
			isa = PBXGroup;
			children = (
				50D479E122B6984200AAB327 /* User.swift */,
				50A43C2922B7FEFA006E1C5B /* ErrorEntity.swift */,
			);
			path = Model;
			sourceTree = "<group>";
		};
		50D479E522B75B3800AAB327 /* LoginWireFrame */ = {
			isa = PBXGroup;
			children = (
				5026FFA822B75BFC00612247 /* LoginWireFrame.swift */,
			);
			path = LoginWireFrame;
			sourceTree = "<group>";
		};
		50EB08FA22B3FACD00B3C476 = {
			isa = PBXGroup;
			children = (
				50EB090522B3FACD00B3C476 /* Shareapp */,
				50EB091D22B3FACE00B3C476 /* ShareappTests */,
				50EB092822B3FACE00B3C476 /* ShareappUITests */,
				50EB090422B3FACD00B3C476 /* Products */,
				455C0E9DE0CED0A0EC60549C /* Pods */,
				8CA1564129339AF1F7080CE6 /* Frameworks */,
			);
			sourceTree = "<group>";
		};
		50EB090422B3FACD00B3C476 /* Products */ = {
			isa = PBXGroup;
			children = (
				50EB090322B3FACD00B3C476 /* Shareapp.app */,
				50EB091A22B3FACE00B3C476 /* ShareappTests.xctest */,
				50EB092522B3FACE00B3C476 /* ShareappUITests.xctest */,
			);
			name = Products;
			sourceTree = "<group>";
		};
		50EB090522B3FACD00B3C476 /* Shareapp */ = {
			isa = PBXGroup;
			children = (
				50D4798F22B68E9400AAB327 /* Presentation */,
				50D479DF22B6983300AAB327 /* Domain */,
				50D4799122B68EA600AAB327 /* Data */,
				50EB090622B3FACD00B3C476 /* AppDelegate.swift */,
				50EB091022B3FACE00B3C476 /* Assets.xcassets */,
				50EB091222B3FACE00B3C476 /* LaunchScreen.storyboard */,
				50EB091522B3FACE00B3C476 /* Info.plist */,
				50D479E322B69C9A00AAB327 /* GoogleService-Info.plist */,
				50EB090D22B3FACD00B3C476 /* Shareapp.xcdatamodeld */,
			);
			path = Shareapp;
			sourceTree = "<group>";
		};
		50EB091D22B3FACE00B3C476 /* ShareappTests */ = {
			isa = PBXGroup;
			children = (
				50EB091E22B3FACE00B3C476 /* ShareappTests.swift */,
				50EB092022B3FACE00B3C476 /* Info.plist */,
			);
			path = ShareappTests;
			sourceTree = "<group>";
		};
		50EB092822B3FACE00B3C476 /* ShareappUITests */ = {
			isa = PBXGroup;
			children = (
				50EB092922B3FACE00B3C476 /* ShareappUITests.swift */,
				50EB092B22B3FACE00B3C476 /* Info.plist */,
			);
			path = ShareappUITests;
			sourceTree = "<group>";
		};
		8CA1564129339AF1F7080CE6 /* Frameworks */ = {
			isa = PBXGroup;
			children = (
				9DF15BAD7BF2C5C3B3DBF68B /* Pods_Shareapp.framework */,
				EE21867C376B7C748C4C23F7 /* Pods_ShareappTests.framework */,
				7FF8160EE96F46C01DD5A29E /* Pods_ShareappUITests.framework */,
			);
			name = Frameworks;
			sourceTree = "<group>";
		};
/* End PBXGroup section */

/* Begin PBXNativeTarget section */
		50EB090222B3FACD00B3C476 /* Shareapp */ = {
			isa = PBXNativeTarget;
			buildConfigurationList = 50EB092E22B3FACE00B3C476 /* Build configuration list for PBXNativeTarget "Shareapp" */;
			buildPhases = (
				23EDC43334B8910BD492B3E5 /* [CP] Check Pods Manifest.lock */,
				50EB08FF22B3FACD00B3C476 /* Sources */,
				50EB090022B3FACD00B3C476 /* Frameworks */,
				50EB090122B3FACD00B3C476 /* Resources */,
				3DCB2CD8E322A7A13BBC24A8 /* [CP] Embed Pods Frameworks */,
			);
			buildRules = (
			);
			dependencies = (
			);
			name = Shareapp;
			productName = Shareapp;
			productReference = 50EB090322B3FACD00B3C476 /* Shareapp.app */;
			productType = "com.apple.product-type.application";
		};
		50EB091922B3FACE00B3C476 /* ShareappTests */ = {
			isa = PBXNativeTarget;
			buildConfigurationList = 50EB093122B3FACE00B3C476 /* Build configuration list for PBXNativeTarget "ShareappTests" */;
			buildPhases = (
				1F29EFD8A58AD154F6FBB515 /* [CP] Check Pods Manifest.lock */,
				50EB091622B3FACE00B3C476 /* Sources */,
				50EB091722B3FACE00B3C476 /* Frameworks */,
				50EB091822B3FACE00B3C476 /* Resources */,
			);
			buildRules = (
			);
			dependencies = (
				50EB091C22B3FACE00B3C476 /* PBXTargetDependency */,
			);
			name = ShareappTests;
			productName = ShareappTests;
			productReference = 50EB091A22B3FACE00B3C476 /* ShareappTests.xctest */;
			productType = "com.apple.product-type.bundle.unit-test";
		};
		50EB092422B3FACE00B3C476 /* ShareappUITests */ = {
			isa = PBXNativeTarget;
			buildConfigurationList = 50EB093422B3FACE00B3C476 /* Build configuration list for PBXNativeTarget "ShareappUITests" */;
			buildPhases = (
				21907FC0045683603E8257F3 /* [CP] Check Pods Manifest.lock */,
				50EB092122B3FACE00B3C476 /* Sources */,
				50EB092222B3FACE00B3C476 /* Frameworks */,
				50EB092322B3FACE00B3C476 /* Resources */,
			);
			buildRules = (
			);
			dependencies = (
				50EB092722B3FACE00B3C476 /* PBXTargetDependency */,
			);
			name = ShareappUITests;
			productName = ShareappUITests;
			productReference = 50EB092522B3FACE00B3C476 /* ShareappUITests.xctest */;
			productType = "com.apple.product-type.bundle.ui-testing";
		};
/* End PBXNativeTarget section */

/* Begin PBXProject section */
		50EB08FB22B3FACD00B3C476 /* Project object */ = {
			isa = PBXProject;
			attributes = {
				LastSwiftUpdateCheck = 1020;
				LastUpgradeCheck = 1020;
				ORGANIZATIONNAME = "Jordan Capa";
				TargetAttributes = {
					50EB090222B3FACD00B3C476 = {
						CreatedOnToolsVersion = 10.2.1;
					};
					50EB091922B3FACE00B3C476 = {
						CreatedOnToolsVersion = 10.2.1;
						TestTargetID = 50EB090222B3FACD00B3C476;
					};
					50EB092422B3FACE00B3C476 = {
						CreatedOnToolsVersion = 10.2.1;
						TestTargetID = 50EB090222B3FACD00B3C476;
					};
				};
			};
			buildConfigurationList = 50EB08FE22B3FACD00B3C476 /* Build configuration list for PBXProject "Shareapp" */;
			compatibilityVersion = "Xcode 9.3";
			developmentRegion = en;
			hasScannedForEncodings = 0;
			knownRegions = (
				en,
				Base,
			);
			mainGroup = 50EB08FA22B3FACD00B3C476;
			productRefGroup = 50EB090422B3FACD00B3C476 /* Products */;
			projectDirPath = "";
			projectRoot = "";
			targets = (
				50EB090222B3FACD00B3C476 /* Shareapp */,
				50EB091922B3FACE00B3C476 /* ShareappTests */,
				50EB092422B3FACE00B3C476 /* ShareappUITests */,
			);
		};
/* End PBXProject section */

/* Begin PBXResourcesBuildPhase section */
		50EB090122B3FACD00B3C476 /* Resources */ = {
			isa = PBXResourcesBuildPhase;
			buildActionMask = 2147483647;
			files = (
				50D479A022B690A300AAB327 /* LoginViewController.xib in Resources */,
				50EB091422B3FACE00B3C476 /* LaunchScreen.storyboard in Resources */,
				50D479CD22B6958F00AAB327 /* HomeViewController.xib in Resources */,
				50EB091122B3FACE00B3C476 /* Assets.xcassets in Resources */,
				50D479B722B694FC00AAB327 /* RegisterViewController.xib in Resources */,
				50D479E422B69C9A00AAB327 /* GoogleService-Info.plist in Resources */,
			);
			runOnlyForDeploymentPostprocessing = 0;
		};
		50EB091822B3FACE00B3C476 /* Resources */ = {
			isa = PBXResourcesBuildPhase;
			buildActionMask = 2147483647;
			files = (
			);
			runOnlyForDeploymentPostprocessing = 0;
		};
		50EB092322B3FACE00B3C476 /* Resources */ = {
			isa = PBXResourcesBuildPhase;
			buildActionMask = 2147483647;
			files = (
			);
			runOnlyForDeploymentPostprocessing = 0;
		};
/* End PBXResourcesBuildPhase section */

/* Begin PBXShellScriptBuildPhase section */
		1F29EFD8A58AD154F6FBB515 /* [CP] Check Pods Manifest.lock */ = {
			isa = PBXShellScriptBuildPhase;
			buildActionMask = 2147483647;
			files = (
			);
			inputFileListPaths = (
			);
			inputPaths = (
				"${PODS_PODFILE_DIR_PATH}/Podfile.lock",
				"${PODS_ROOT}/Manifest.lock",
			);
			name = "[CP] Check Pods Manifest.lock";
			outputFileListPaths = (
			);
			outputPaths = (
				"$(DERIVED_FILE_DIR)/Pods-ShareappTests-checkManifestLockResult.txt",
			);
			runOnlyForDeploymentPostprocessing = 0;
			shellPath = /bin/sh;
			shellScript = "diff \"${PODS_PODFILE_DIR_PATH}/Podfile.lock\" \"${PODS_ROOT}/Manifest.lock\" > /dev/null\nif [ $? != 0 ] ; then\n    # print error to STDERR\n    echo \"error: The sandbox is not in sync with the Podfile.lock. Run 'pod install' or update your CocoaPods installation.\" >&2\n    exit 1\nfi\n# This output is used by Xcode 'outputs' to avoid re-running this script phase.\necho \"SUCCESS\" > \"${SCRIPT_OUTPUT_FILE_0}\"\n";
			showEnvVarsInLog = 0;
		};
		21907FC0045683603E8257F3 /* [CP] Check Pods Manifest.lock */ = {
			isa = PBXShellScriptBuildPhase;
			buildActionMask = 2147483647;
			files = (
			);
			inputFileListPaths = (
			);
			inputPaths = (
				"${PODS_PODFILE_DIR_PATH}/Podfile.lock",
				"${PODS_ROOT}/Manifest.lock",
			);
			name = "[CP] Check Pods Manifest.lock";
			outputFileListPaths = (
			);
			outputPaths = (
				"$(DERIVED_FILE_DIR)/Pods-ShareappUITests-checkManifestLockResult.txt",
			);
			runOnlyForDeploymentPostprocessing = 0;
			shellPath = /bin/sh;
			shellScript = "diff \"${PODS_PODFILE_DIR_PATH}/Podfile.lock\" \"${PODS_ROOT}/Manifest.lock\" > /dev/null\nif [ $? != 0 ] ; then\n    # print error to STDERR\n    echo \"error: The sandbox is not in sync with the Podfile.lock. Run 'pod install' or update your CocoaPods installation.\" >&2\n    exit 1\nfi\n# This output is used by Xcode 'outputs' to avoid re-running this script phase.\necho \"SUCCESS\" > \"${SCRIPT_OUTPUT_FILE_0}\"\n";
			showEnvVarsInLog = 0;
		};
		23EDC43334B8910BD492B3E5 /* [CP] Check Pods Manifest.lock */ = {
			isa = PBXShellScriptBuildPhase;
			buildActionMask = 2147483647;
			files = (
			);
			inputFileListPaths = (
			);
			inputPaths = (
				"${PODS_PODFILE_DIR_PATH}/Podfile.lock",
				"${PODS_ROOT}/Manifest.lock",
			);
			name = "[CP] Check Pods Manifest.lock";
			outputFileListPaths = (
			);
			outputPaths = (
				"$(DERIVED_FILE_DIR)/Pods-Shareapp-checkManifestLockResult.txt",
			);
			runOnlyForDeploymentPostprocessing = 0;
			shellPath = /bin/sh;
			shellScript = "diff \"${PODS_PODFILE_DIR_PATH}/Podfile.lock\" \"${PODS_ROOT}/Manifest.lock\" > /dev/null\nif [ $? != 0 ] ; then\n    # print error to STDERR\n    echo \"error: The sandbox is not in sync with the Podfile.lock. Run 'pod install' or update your CocoaPods installation.\" >&2\n    exit 1\nfi\n# This output is used by Xcode 'outputs' to avoid re-running this script phase.\necho \"SUCCESS\" > \"${SCRIPT_OUTPUT_FILE_0}\"\n";
			showEnvVarsInLog = 0;
		};
		3DCB2CD8E322A7A13BBC24A8 /* [CP] Embed Pods Frameworks */ = {
			isa = PBXShellScriptBuildPhase;
			buildActionMask = 2147483647;
			files = (
			);
			inputFileListPaths = (
				"${PODS_ROOT}/Target Support Files/Pods-Shareapp/Pods-Shareapp-frameworks-${CONFIGURATION}-input-files.xcfilelist",
			);
			name = "[CP] Embed Pods Frameworks";
			outputFileListPaths = (
				"${PODS_ROOT}/Target Support Files/Pods-Shareapp/Pods-Shareapp-frameworks-${CONFIGURATION}-output-files.xcfilelist",
			);
			runOnlyForDeploymentPostprocessing = 0;
			shellPath = /bin/sh;
			shellScript = "\"${PODS_ROOT}/Target Support Files/Pods-Shareapp/Pods-Shareapp-frameworks.sh\"\n";
			showEnvVarsInLog = 0;
		};
/* End PBXShellScriptBuildPhase section */

/* Begin PBXSourcesBuildPhase section */
		50EB08FF22B3FACD00B3C476 /* Sources */ = {
			isa = PBXSourcesBuildPhase;
			buildActionMask = 2147483647;
			files = (
				50D4799F22B690A300AAB327 /* LoginViewController.swift in Sources */,
				50D479B622B694FC00AAB327 /* RegisterViewController.swift in Sources */,
				50D479A622B690D400AAB327 /* LoginProtocols.swift in Sources */,
				50D479D122B6959E00AAB327 /* HomeInteractor.swift in Sources */,
				50EB090F22B3FACD00B3C476 /* Shareapp.xcdatamodeld in Sources */,
				5026FFAF22B76BD300612247 /* RegisterWireFrame.swift in Sources */,
				50D479E222B6984200AAB327 /* User.swift in Sources */,
				50A43C2A22B7FEFA006E1C5B /* ErrorEntity.swift in Sources */,
				50D479B322B694E100AAB327 /* RegisterConfigurator.swift in Sources */,
				50D479CC22B6958F00AAB327 /* HomeViewController.swift in Sources */,
				50D479BD22B6951A00AAB327 /* RegisterRouter.swift in Sources */,
				50D479DE22B6962600AAB327 /* Connectivity.swift in Sources */,
				50D479A422B690CC00AAB327 /* LoginInteractor.swift in Sources */,
				50D479B922B6950900AAB327 /* RegisterPresenter.swift in Sources */,
				5026FFAC22B76B9400612247 /* RegisterProtocols.swift in Sources */,
				5026FFB522B7712000612247 /* HomeWireFrame.swift in Sources */,
				50EB090722B3FACD00B3C476 /* AppDelegate.swift in Sources */,
				5026FFA922B75BFC00612247 /* LoginWireFrame.swift in Sources */,
				5026FFB222B770E500612247 /* HomeProtocols.swift in Sources */,
				50D479D522B695B100AAB327 /* HomeDataManager.swift in Sources */,
				50D479AB22B6910200AAB327 /* LoginConfigurator.swift in Sources */,
				50D479BB22B6951100AAB327 /* RegisterInteractor.swift in Sources */,
				50D479BF22B6952700AAB327 /* RegisterDataManager.swift in Sources */,
				50D479CF22B6959700AAB327 /* HomePresenter.swift in Sources */,
				50A43C2822B7FE1D006E1C5B /* Constants.swift in Sources */,
				50A43C2622B7FB95006E1C5B /* Utils.swift in Sources */,
				50D479DC22B6961500AAB327 /* Routes.swift in Sources */,
				50D479D322B695A600AAB327 /* HomeRouter.swift in Sources */,
				50D479A822B690E100AAB327 /* LoginRouter.swift in Sources */,
				50A43C2D22B82773006E1C5B /* AuthManager.swift in Sources */,
				50D479DA22B6960500AAB327 /* Connection.swift in Sources */,
				50D479A222B690C400AAB327 /* LoginPresenter.swift in Sources */,
				50D479D822B695F700AAB327 /* Configuration.swift in Sources */,
				50D479C922B6958600AAB327 /* HomeConfiguration.swift in Sources */,
				50D479C122B6952F00AAB327 /* LoginDataManager.swift in Sources */,
			);
			runOnlyForDeploymentPostprocessing = 0;
		};
		50EB091622B3FACE00B3C476 /* Sources */ = {
			isa = PBXSourcesBuildPhase;
			buildActionMask = 2147483647;
			files = (
				50EB091F22B3FACE00B3C476 /* ShareappTests.swift in Sources */,
			);
			runOnlyForDeploymentPostprocessing = 0;
		};
		50EB092122B3FACE00B3C476 /* Sources */ = {
			isa = PBXSourcesBuildPhase;
			buildActionMask = 2147483647;
			files = (
				50EB092A22B3FACE00B3C476 /* ShareappUITests.swift in Sources */,
			);
			runOnlyForDeploymentPostprocessing = 0;
		};
/* End PBXSourcesBuildPhase section */

/* Begin PBXTargetDependency section */
		50EB091C22B3FACE00B3C476 /* PBXTargetDependency */ = {
			isa = PBXTargetDependency;
			target = 50EB090222B3FACD00B3C476 /* Shareapp */;
			targetProxy = 50EB091B22B3FACE00B3C476 /* PBXContainerItemProxy */;
		};
		50EB092722B3FACE00B3C476 /* PBXTargetDependency */ = {
			isa = PBXTargetDependency;
			target = 50EB090222B3FACD00B3C476 /* Shareapp */;
			targetProxy = 50EB092622B3FACE00B3C476 /* PBXContainerItemProxy */;
		};
/* End PBXTargetDependency section */

/* Begin PBXVariantGroup section */
		50EB091222B3FACE00B3C476 /* LaunchScreen.storyboard */ = {
			isa = PBXVariantGroup;
			children = (
				50EB091322B3FACE00B3C476 /* Base */,
			);
			name = LaunchScreen.storyboard;
			sourceTree = "<group>";
		};
/* End PBXVariantGroup section */

/* Begin XCBuildConfiguration section */
		50EB092C22B3FACE00B3C476 /* Debug */ = {
			isa = XCBuildConfiguration;
			buildSettings = {
				ALWAYS_SEARCH_USER_PATHS = NO;
				CLANG_ANALYZER_NONNULL = YES;
				CLANG_ANALYZER_NUMBER_OBJECT_CONVERSION = YES_AGGRESSIVE;
				CLANG_CXX_LANGUAGE_STANDARD = "gnu++14";
				CLANG_CXX_LIBRARY = "libc++";
				CLANG_ENABLE_MODULES = YES;
				CLANG_ENABLE_OBJC_ARC = YES;
				CLANG_ENABLE_OBJC_WEAK = YES;
				CLANG_WARN_BLOCK_CAPTURE_AUTORELEASING = YES;
				CLANG_WARN_BOOL_CONVERSION = YES;
				CLANG_WARN_COMMA = YES;
				CLANG_WARN_CONSTANT_CONVERSION = YES;
				CLANG_WARN_DEPRECATED_OBJC_IMPLEMENTATIONS = YES;
				CLANG_WARN_DIRECT_OBJC_ISA_USAGE = YES_ERROR;
				CLANG_WARN_DOCUMENTATION_COMMENTS = YES;
				CLANG_WARN_EMPTY_BODY = YES;
				CLANG_WARN_ENUM_CONVERSION = YES;
				CLANG_WARN_INFINITE_RECURSION = YES;
				CLANG_WARN_INT_CONVERSION = YES;
				CLANG_WARN_NON_LITERAL_NULL_CONVERSION = YES;
				CLANG_WARN_OBJC_IMPLICIT_RETAIN_SELF = YES;
				CLANG_WARN_OBJC_LITERAL_CONVERSION = YES;
				CLANG_WARN_OBJC_ROOT_CLASS = YES_ERROR;
				CLANG_WARN_RANGE_LOOP_ANALYSIS = YES;
				CLANG_WARN_STRICT_PROTOTYPES = YES;
				CLANG_WARN_SUSPICIOUS_MOVE = YES;
				CLANG_WARN_UNGUARDED_AVAILABILITY = YES_AGGRESSIVE;
				CLANG_WARN_UNREACHABLE_CODE = YES;
				CLANG_WARN__DUPLICATE_METHOD_MATCH = YES;
				CODE_SIGN_IDENTITY = "iPhone Developer";
				COPY_PHASE_STRIP = NO;
				DEBUG_INFORMATION_FORMAT = dwarf;
				ENABLE_STRICT_OBJC_MSGSEND = YES;
				ENABLE_TESTABILITY = YES;
				GCC_C_LANGUAGE_STANDARD = gnu11;
				GCC_DYNAMIC_NO_PIC = NO;
				GCC_NO_COMMON_BLOCKS = YES;
				GCC_OPTIMIZATION_LEVEL = 0;
				GCC_PREPROCESSOR_DEFINITIONS = (
					"DEBUG=1",
					"$(inherited)",
				);
				GCC_WARN_64_TO_32_BIT_CONVERSION = YES;
				GCC_WARN_ABOUT_RETURN_TYPE = YES_ERROR;
				GCC_WARN_UNDECLARED_SELECTOR = YES;
				GCC_WARN_UNINITIALIZED_AUTOS = YES_AGGRESSIVE;
				GCC_WARN_UNUSED_FUNCTION = YES;
				GCC_WARN_UNUSED_VARIABLE = YES;
				IPHONEOS_DEPLOYMENT_TARGET = 12.2;
				MTL_ENABLE_DEBUG_INFO = INCLUDE_SOURCE;
				MTL_FAST_MATH = YES;
				ONLY_ACTIVE_ARCH = YES;
				SDKROOT = iphoneos;
				SWIFT_ACTIVE_COMPILATION_CONDITIONS = DEBUG;
				SWIFT_OPTIMIZATION_LEVEL = "-Onone";
			};
			name = Debug;
		};
		50EB092D22B3FACE00B3C476 /* Release */ = {
			isa = XCBuildConfiguration;
			buildSettings = {
				ALWAYS_SEARCH_USER_PATHS = NO;
				CLANG_ANALYZER_NONNULL = YES;
				CLANG_ANALYZER_NUMBER_OBJECT_CONVERSION = YES_AGGRESSIVE;
				CLANG_CXX_LANGUAGE_STANDARD = "gnu++14";
				CLANG_CXX_LIBRARY = "libc++";
				CLANG_ENABLE_MODULES = YES;
				CLANG_ENABLE_OBJC_ARC = YES;
				CLANG_ENABLE_OBJC_WEAK = YES;
				CLANG_WARN_BLOCK_CAPTURE_AUTORELEASING = YES;
				CLANG_WARN_BOOL_CONVERSION = YES;
				CLANG_WARN_COMMA = YES;
				CLANG_WARN_CONSTANT_CONVERSION = YES;
				CLANG_WARN_DEPRECATED_OBJC_IMPLEMENTATIONS = YES;
				CLANG_WARN_DIRECT_OBJC_ISA_USAGE = YES_ERROR;
				CLANG_WARN_DOCUMENTATION_COMMENTS = YES;
				CLANG_WARN_EMPTY_BODY = YES;
				CLANG_WARN_ENUM_CONVERSION = YES;
				CLANG_WARN_INFINITE_RECURSION = YES;
				CLANG_WARN_INT_CONVERSION = YES;
				CLANG_WARN_NON_LITERAL_NULL_CONVERSION = YES;
				CLANG_WARN_OBJC_IMPLICIT_RETAIN_SELF = YES;
				CLANG_WARN_OBJC_LITERAL_CONVERSION = YES;
				CLANG_WARN_OBJC_ROOT_CLASS = YES_ERROR;
				CLANG_WARN_RANGE_LOOP_ANALYSIS = YES;
				CLANG_WARN_STRICT_PROTOTYPES = YES;
				CLANG_WARN_SUSPICIOUS_MOVE = YES;
				CLANG_WARN_UNGUARDED_AVAILABILITY = YES_AGGRESSIVE;
				CLANG_WARN_UNREACHABLE_CODE = YES;
				CLANG_WARN__DUPLICATE_METHOD_MATCH = YES;
				CODE_SIGN_IDENTITY = "iPhone Developer";
				COPY_PHASE_STRIP = NO;
				DEBUG_INFORMATION_FORMAT = "dwarf-with-dsym";
				ENABLE_NS_ASSERTIONS = NO;
				ENABLE_STRICT_OBJC_MSGSEND = YES;
				GCC_C_LANGUAGE_STANDARD = gnu11;
				GCC_NO_COMMON_BLOCKS = YES;
				GCC_WARN_64_TO_32_BIT_CONVERSION = YES;
				GCC_WARN_ABOUT_RETURN_TYPE = YES_ERROR;
				GCC_WARN_UNDECLARED_SELECTOR = YES;
				GCC_WARN_UNINITIALIZED_AUTOS = YES_AGGRESSIVE;
				GCC_WARN_UNUSED_FUNCTION = YES;
				GCC_WARN_UNUSED_VARIABLE = YES;
				IPHONEOS_DEPLOYMENT_TARGET = 12.2;
				MTL_ENABLE_DEBUG_INFO = NO;
				MTL_FAST_MATH = YES;
				SDKROOT = iphoneos;
				SWIFT_COMPILATION_MODE = wholemodule;
				SWIFT_OPTIMIZATION_LEVEL = "-O";
				VALIDATE_PRODUCT = YES;
			};
			name = Release;
		};
		50EB092F22B3FACE00B3C476 /* Debug */ = {
			isa = XCBuildConfiguration;
			baseConfigurationReference = 8EFB65A768BFA09441910A5A /* Pods-Shareapp.debug.xcconfig */;
			buildSettings = {
				ASSETCATALOG_COMPILER_APPICON_NAME = AppIcon;
				CODE_SIGN_STYLE = Automatic;
				DEVELOPMENT_TEAM = AN34YH38CH;
				INFOPLIST_FILE = Shareapp/Info.plist;
				LD_RUNPATH_SEARCH_PATHS = (
					"$(inherited)",
					"@executable_path/Frameworks",
				);
				PRODUCT_BUNDLE_IDENTIFIER = com.jcapasix.shareapp;
				PRODUCT_NAME = "$(TARGET_NAME)";
				SWIFT_VERSION = 5.0;
				TARGETED_DEVICE_FAMILY = 1;
			};
			name = Debug;
		};
		50EB093022B3FACE00B3C476 /* Release */ = {
			isa = XCBuildConfiguration;
			baseConfigurationReference = DED5F1176672AC1FAF96C14C /* Pods-Shareapp.release.xcconfig */;
			buildSettings = {
				ASSETCATALOG_COMPILER_APPICON_NAME = AppIcon;
				CODE_SIGN_STYLE = Automatic;
				DEVELOPMENT_TEAM = AN34YH38CH;
				INFOPLIST_FILE = Shareapp/Info.plist;
				LD_RUNPATH_SEARCH_PATHS = (
					"$(inherited)",
					"@executable_path/Frameworks",
				);
				PRODUCT_BUNDLE_IDENTIFIER = com.jcapasix.shareapp;
				PRODUCT_NAME = "$(TARGET_NAME)";
				SWIFT_VERSION = 5.0;
				TARGETED_DEVICE_FAMILY = 1;
			};
			name = Release;
		};
		50EB093222B3FACE00B3C476 /* Debug */ = {
			isa = XCBuildConfiguration;
			baseConfigurationReference = 3E2C39EA7D7EE7CF0B50B29F /* Pods-ShareappTests.debug.xcconfig */;
			buildSettings = {
				ALWAYS_EMBED_SWIFT_STANDARD_LIBRARIES = YES;
				BUNDLE_LOADER = "$(TEST_HOST)";
				CODE_SIGN_STYLE = Automatic;
				DEVELOPMENT_TEAM = AN34YH38CH;
				INFOPLIST_FILE = ShareappTests/Info.plist;
				LD_RUNPATH_SEARCH_PATHS = (
					"$(inherited)",
					"@executable_path/Frameworks",
					"@loader_path/Frameworks",
				);
				PRODUCT_BUNDLE_IDENTIFIER = jcapasix.ShareappTests;
				PRODUCT_NAME = "$(TARGET_NAME)";
				SWIFT_VERSION = 5.0;
				TARGETED_DEVICE_FAMILY = "1,2";
				TEST_HOST = "$(BUILT_PRODUCTS_DIR)/Shareapp.app/Shareapp";
			};
			name = Debug;
		};
		50EB093322B3FACE00B3C476 /* Release */ = {
			isa = XCBuildConfiguration;
			baseConfigurationReference = ED288C7B935362BD41909ED8 /* Pods-ShareappTests.release.xcconfig */;
			buildSettings = {
				ALWAYS_EMBED_SWIFT_STANDARD_LIBRARIES = YES;
				BUNDLE_LOADER = "$(TEST_HOST)";
				CODE_SIGN_STYLE = Automatic;
				DEVELOPMENT_TEAM = AN34YH38CH;
				INFOPLIST_FILE = ShareappTests/Info.plist;
				LD_RUNPATH_SEARCH_PATHS = (
					"$(inherited)",
					"@executable_path/Frameworks",
					"@loader_path/Frameworks",
				);
				PRODUCT_BUNDLE_IDENTIFIER = jcapasix.ShareappTests;
				PRODUCT_NAME = "$(TARGET_NAME)";
				SWIFT_VERSION = 5.0;
				TARGETED_DEVICE_FAMILY = "1,2";
				TEST_HOST = "$(BUILT_PRODUCTS_DIR)/Shareapp.app/Shareapp";
			};
			name = Release;
		};
		50EB093522B3FACE00B3C476 /* Debug */ = {
			isa = XCBuildConfiguration;
			baseConfigurationReference = A7F5C6CB3E34C9CCD258C063 /* Pods-ShareappUITests.debug.xcconfig */;
			buildSettings = {
				ALWAYS_EMBED_SWIFT_STANDARD_LIBRARIES = YES;
				CODE_SIGN_STYLE = Automatic;
				DEVELOPMENT_TEAM = AN34YH38CH;
				INFOPLIST_FILE = ShareappUITests/Info.plist;
				LD_RUNPATH_SEARCH_PATHS = (
					"$(inherited)",
					"@executable_path/Frameworks",
					"@loader_path/Frameworks",
				);
				PRODUCT_BUNDLE_IDENTIFIER = jcapasix.ShareappUITests;
				PRODUCT_NAME = "$(TARGET_NAME)";
				SWIFT_VERSION = 5.0;
				TARGETED_DEVICE_FAMILY = "1,2";
				TEST_TARGET_NAME = Shareapp;
			};
			name = Debug;
		};
		50EB093622B3FACE00B3C476 /* Release */ = {
			isa = XCBuildConfiguration;
			baseConfigurationReference = 4943E37ABA995765AB6336EC /* Pods-ShareappUITests.release.xcconfig */;
			buildSettings = {
				ALWAYS_EMBED_SWIFT_STANDARD_LIBRARIES = YES;
				CODE_SIGN_STYLE = Automatic;
				DEVELOPMENT_TEAM = AN34YH38CH;
				INFOPLIST_FILE = ShareappUITests/Info.plist;
				LD_RUNPATH_SEARCH_PATHS = (
					"$(inherited)",
					"@executable_path/Frameworks",
					"@loader_path/Frameworks",
				);
				PRODUCT_BUNDLE_IDENTIFIER = jcapasix.ShareappUITests;
				PRODUCT_NAME = "$(TARGET_NAME)";
				SWIFT_VERSION = 5.0;
				TARGETED_DEVICE_FAMILY = "1,2";
				TEST_TARGET_NAME = Shareapp;
			};
			name = Release;
		};
/* End XCBuildConfiguration section */

/* Begin XCConfigurationList section */
		50EB08FE22B3FACD00B3C476 /* Build configuration list for PBXProject "Shareapp" */ = {
			isa = XCConfigurationList;
			buildConfigurations = (
				50EB092C22B3FACE00B3C476 /* Debug */,
				50EB092D22B3FACE00B3C476 /* Release */,
			);
			defaultConfigurationIsVisible = 0;
			defaultConfigurationName = Release;
		};
		50EB092E22B3FACE00B3C476 /* Build configuration list for PBXNativeTarget "Shareapp" */ = {
			isa = XCConfigurationList;
			buildConfigurations = (
				50EB092F22B3FACE00B3C476 /* Debug */,
				50EB093022B3FACE00B3C476 /* Release */,
			);
			defaultConfigurationIsVisible = 0;
			defaultConfigurationName = Release;
		};
		50EB093122B3FACE00B3C476 /* Build configuration list for PBXNativeTarget "ShareappTests" */ = {
			isa = XCConfigurationList;
			buildConfigurations = (
				50EB093222B3FACE00B3C476 /* Debug */,
				50EB093322B3FACE00B3C476 /* Release */,
			);
			defaultConfigurationIsVisible = 0;
			defaultConfigurationName = Release;
		};
		50EB093422B3FACE00B3C476 /* Build configuration list for PBXNativeTarget "ShareappUITests" */ = {
			isa = XCConfigurationList;
			buildConfigurations = (
				50EB093522B3FACE00B3C476 /* Debug */,
				50EB093622B3FACE00B3C476 /* Release */,
			);
			defaultConfigurationIsVisible = 0;
			defaultConfigurationName = Release;
		};
/* End XCConfigurationList section */

/* Begin XCVersionGroup section */
		50EB090D22B3FACD00B3C476 /* Shareapp.xcdatamodeld */ = {
			isa = XCVersionGroup;
			children = (
				50EB090E22B3FACD00B3C476 /* Shareapp.xcdatamodel */,
			);
			currentVersion = 50EB090E22B3FACD00B3C476 /* Shareapp.xcdatamodel */;
			path = Shareapp.xcdatamodeld;
			sourceTree = "<group>";
			versionGroupType = wrapper.xcdatamodel;
		};
/* End XCVersionGroup section */
	};
	rootObject = 50EB08FB22B3FACD00B3C476 /* Project object */;
}
